
Microsoft Visual Studio Solution File, Format Version 12.00
# Visual Studio Version 16
VisualStudioVersion = 16.0.29201.188
MinimumVisualStudioVersion = 10.0.40219.1
Project("{FAE04EC0-301F-11D3-BF4B-00C04F79EFBC}") = "For-silmukka2", "For-silmukka2\For-silmukka2.csproj", "{9437FEE7-AD62-4F23-A236-AFFCE9C3BA51}"
EndProject
Global
	GlobalSection(SolutionConfigurationPlatforms) = preSolution
		Debug|Any CPU = Debug|Any CPU
		Release|Any CPU = Release|Any CPU
	EndGlobalSection
	GlobalSection(ProjectConfigurationPlatforms) = postSolution
		{9437FEE7-AD62-4F23-A236-AFFCE9C3BA51}.Debug|Any CPU.ActiveCfg = Debug|Any CPU
		{9437FEE7-AD62-4F23-A236-AFFCE9C3BA51}.Debug|Any CPU.Build.0 = Debug|Any CPU
		{9437FEE7-AD62-4F23-A236-AFFCE9C3BA51}.Release|Any CPU.ActiveCfg = Release|Any CPU
		{9437FEE7-AD62-4F23-A236-AFFCE9C3BA51}.Release|Any CPU.Build.0 = Release|Any CPU
	EndGlobalSection
	GlobalSection(SolutionProperties) = preSolution
		HideSolutionNode = FALSE
	EndGlobalSection
	GlobalSection(ExtensibilityGlobals) = postSolution
		SolutionGuid = {BEB06151-10EA-4938-ABA7-41611F66A4D3}
	EndGlobalSection
EndGlobal
