
Microsoft Visual Studio Solution File, Format Version 12.00
# Visual Studio Version 16
VisualStudioVersion = 16.0.29201.188
MinimumVisualStudioVersion = 10.0.40219.1
Project("{FAE04EC0-301F-11D3-BF4B-00C04F79EFBC}") = "taulukko-5", "taulukko-5\taulukko-5.csproj", "{05338558-998C-4171-9775-B976FAC6CBCA}"
EndProject
Global
	GlobalSection(SolutionConfigurationPlatforms) = preSolution
		Debug|Any CPU = Debug|Any CPU
		Release|Any CPU = Release|Any CPU
	EndGlobalSection
	GlobalSection(ProjectConfigurationPlatforms) = postSolution
		{05338558-998C-4171-9775-B976FAC6CBCA}.Debug|Any CPU.ActiveCfg = Debug|Any CPU
		{05338558-998C-4171-9775-B976FAC6CBCA}.Debug|Any CPU.Build.0 = Debug|Any CPU
		{05338558-998C-4171-9775-B976FAC6CBCA}.Release|Any CPU.ActiveCfg = Release|Any CPU
		{05338558-998C-4171-9775-B976FAC6CBCA}.Release|Any CPU.Build.0 = Release|Any CPU
	EndGlobalSection
	GlobalSection(SolutionProperties) = preSolution
		HideSolutionNode = FALSE
	EndGlobalSection
	GlobalSection(ExtensibilityGlobals) = postSolution
		SolutionGuid = {160D1C16-D20E-4585-8A8E-22AB1633E1FC}
	EndGlobalSection
EndGlobal
