
Microsoft Visual Studio Solution File, Format Version 12.00
# Visual Studio Version 16
VisualStudioVersion = 16.0.29201.188
MinimumVisualStudioVersion = 10.0.40219.1
Project("{FAE04EC0-301F-11D3-BF4B-00C04F79EFBC}") = "merkin-tarkistus", "merkin-tarkistus\merkin-tarkistus.csproj", "{C68820E0-A31E-4C90-832A-C3828DD68D9B}"
EndProject
Global
	GlobalSection(SolutionConfigurationPlatforms) = preSolution
		Debug|Any CPU = Debug|Any CPU
		Release|Any CPU = Release|Any CPU
	EndGlobalSection
	GlobalSection(ProjectConfigurationPlatforms) = postSolution
		{C68820E0-A31E-4C90-832A-C3828DD68D9B}.Debug|Any CPU.ActiveCfg = Debug|Any CPU
		{C68820E0-A31E-4C90-832A-C3828DD68D9B}.Debug|Any CPU.Build.0 = Debug|Any CPU
		{C68820E0-A31E-4C90-832A-C3828DD68D9B}.Release|Any CPU.ActiveCfg = Release|Any CPU
		{C68820E0-A31E-4C90-832A-C3828DD68D9B}.Release|Any CPU.Build.0 = Release|Any CPU
	EndGlobalSection
	GlobalSection(SolutionProperties) = preSolution
		HideSolutionNode = FALSE
	EndGlobalSection
	GlobalSection(ExtensibilityGlobals) = postSolution
		SolutionGuid = {6A1523FD-D889-4601-B6F5-ACEC22D97E94}
	EndGlobalSection
EndGlobal
