
Microsoft Visual Studio Solution File, Format Version 12.00
# Visual Studio Version 16
VisualStudioVersion = 16.0.29418.71
MinimumVisualStudioVersion = 10.0.40219.1
Project("{FAE04EC0-301F-11D3-BF4B-00C04F79EFBC}") = "Käyttöliittymä-5", "Käyttöliittymä-5\Käyttöliittymä-5.csproj", "{DE8865BF-0ABF-4EF6-8F50-0E8D5759141C}"
EndProject
Global
	GlobalSection(SolutionConfigurationPlatforms) = preSolution
		Debug|Any CPU = Debug|Any CPU
		Release|Any CPU = Release|Any CPU
	EndGlobalSection
	GlobalSection(ProjectConfigurationPlatforms) = postSolution
		{DE8865BF-0ABF-4EF6-8F50-0E8D5759141C}.Debug|Any CPU.ActiveCfg = Debug|Any CPU
		{DE8865BF-0ABF-4EF6-8F50-0E8D5759141C}.Debug|Any CPU.Build.0 = Debug|Any CPU
		{DE8865BF-0ABF-4EF6-8F50-0E8D5759141C}.Release|Any CPU.ActiveCfg = Release|Any CPU
		{DE8865BF-0ABF-4EF6-8F50-0E8D5759141C}.Release|Any CPU.Build.0 = Release|Any CPU
	EndGlobalSection
	GlobalSection(SolutionProperties) = preSolution
		HideSolutionNode = FALSE
	EndGlobalSection
	GlobalSection(ExtensibilityGlobals) = postSolution
		SolutionGuid = {A4C9B1B8-6C42-4DB7-9FB9-EDAE067EC9A7}
	EndGlobalSection
EndGlobal
