
Microsoft Visual Studio Solution File, Format Version 12.00
# Visual Studio Version 16
VisualStudioVersion = 16.0.29201.188
MinimumVisualStudioVersion = 10.0.40219.1
Project("{FAE04EC0-301F-11D3-BF4B-00C04F79EFBC}") = "Taulukko-3", "Taulukko-3\Taulukko-3.csproj", "{40EEF710-D062-495D-ACA2-60BC7FC1BE29}"
EndProject
Global
	GlobalSection(SolutionConfigurationPlatforms) = preSolution
		Debug|Any CPU = Debug|Any CPU
		Release|Any CPU = Release|Any CPU
	EndGlobalSection
	GlobalSection(ProjectConfigurationPlatforms) = postSolution
		{40EEF710-D062-495D-ACA2-60BC7FC1BE29}.Debug|Any CPU.ActiveCfg = Debug|Any CPU
		{40EEF710-D062-495D-ACA2-60BC7FC1BE29}.Debug|Any CPU.Build.0 = Debug|Any CPU
		{40EEF710-D062-495D-ACA2-60BC7FC1BE29}.Release|Any CPU.ActiveCfg = Release|Any CPU
		{40EEF710-D062-495D-ACA2-60BC7FC1BE29}.Release|Any CPU.Build.0 = Release|Any CPU
	EndGlobalSection
	GlobalSection(SolutionProperties) = preSolution
		HideSolutionNode = FALSE
	EndGlobalSection
	GlobalSection(ExtensibilityGlobals) = postSolution
		SolutionGuid = {262BD861-B5E8-4B8A-891B-D781F3A49FCA}
	EndGlobalSection
EndGlobal
