
Microsoft Visual Studio Solution File, Format Version 12.00
# Visual Studio Version 16
VisualStudioVersion = 16.0.29201.188
MinimumVisualStudioVersion = 10.0.40219.1
Project("{FAE04EC0-301F-11D3-BF4B-00C04F79EFBC}") = "For-Lotto", "For-Lotto\For-Lotto.csproj", "{D9D3F81B-FEA3-4AEB-A88F-9D8D824BCC7F}"
EndProject
Global
	GlobalSection(SolutionConfigurationPlatforms) = preSolution
		Debug|Any CPU = Debug|Any CPU
		Release|Any CPU = Release|Any CPU
	EndGlobalSection
	GlobalSection(ProjectConfigurationPlatforms) = postSolution
		{D9D3F81B-FEA3-4AEB-A88F-9D8D824BCC7F}.Debug|Any CPU.ActiveCfg = Debug|Any CPU
		{D9D3F81B-FEA3-4AEB-A88F-9D8D824BCC7F}.Debug|Any CPU.Build.0 = Debug|Any CPU
		{D9D3F81B-FEA3-4AEB-A88F-9D8D824BCC7F}.Release|Any CPU.ActiveCfg = Release|Any CPU
		{D9D3F81B-FEA3-4AEB-A88F-9D8D824BCC7F}.Release|Any CPU.Build.0 = Release|Any CPU
	EndGlobalSection
	GlobalSection(SolutionProperties) = preSolution
		HideSolutionNode = FALSE
	EndGlobalSection
	GlobalSection(ExtensibilityGlobals) = postSolution
		SolutionGuid = {59659932-F685-4E72-ABD2-46A1FF26AEB6}
	EndGlobalSection
EndGlobal
