
Microsoft Visual Studio Solution File, Format Version 12.00
# Visual Studio Version 16
VisualStudioVersion = 16.0.29201.188
MinimumVisualStudioVersion = 10.0.40219.1
Project("{FAE04EC0-301F-11D3-BF4B-00C04F79EFBC}") = "Alkuluvut", "Alkuluvut\Alkuluvut.csproj", "{857CD466-89A6-4DBB-A5C5-1563A865DA1B}"
EndProject
Global
	GlobalSection(SolutionConfigurationPlatforms) = preSolution
		Debug|Any CPU = Debug|Any CPU
		Release|Any CPU = Release|Any CPU
	EndGlobalSection
	GlobalSection(ProjectConfigurationPlatforms) = postSolution
		{857CD466-89A6-4DBB-A5C5-1563A865DA1B}.Debug|Any CPU.ActiveCfg = Debug|Any CPU
		{857CD466-89A6-4DBB-A5C5-1563A865DA1B}.Debug|Any CPU.Build.0 = Debug|Any CPU
		{857CD466-89A6-4DBB-A5C5-1563A865DA1B}.Release|Any CPU.ActiveCfg = Release|Any CPU
		{857CD466-89A6-4DBB-A5C5-1563A865DA1B}.Release|Any CPU.Build.0 = Release|Any CPU
	EndGlobalSection
	GlobalSection(SolutionProperties) = preSolution
		HideSolutionNode = FALSE
	EndGlobalSection
	GlobalSection(ExtensibilityGlobals) = postSolution
		SolutionGuid = {59984D93-14F3-487C-AEAD-625887065183}
	EndGlobalSection
EndGlobal
